// !$*UTF8*$!
{
	archiveVersion = 1;
	classes = {
	};
	objectVersion = 56;
	objects = {

/* Begin PBXBuildFile section */
		1C1974D92BD6A893008C8BCE /* CollectionViewCell.swift in Sources */ = {isa = PBXBuildFile; fileRef = 1C1974D72BD6A893008C8BCE /* CollectionViewCell.swift */; };
		1C1974DA2BD6A893008C8BCE /* CollectionViewCell.xib in Resources */ = {isa = PBXBuildFile; fileRef = 1C1974D82BD6A893008C8BCE /* CollectionViewCell.xib */; };
		1C2173962BDA6FE000793B3C /* TripsTableViewCell.swift in Sources */ = {isa = PBXBuildFile; fileRef = 1C2173942BDA6FE000793B3C /* TripsTableViewCell.swift */; };
		1C2173972BDA6FE000793B3C /* TripsTableViewCell.xib in Resources */ = {isa = PBXBuildFile; fileRef = 1C2173952BDA6FE000793B3C /* TripsTableViewCell.xib */; };
		1C2173992BDA7FB900793B3C /* ImageView.swift in Sources */ = {isa = PBXBuildFile; fileRef = 1C2173982BDA7FB900793B3C /* ImageView.swift */; };
		1C3DDCE12BDD7DB800934710 /* TripsDataModel.swift in Sources */ = {isa = PBXBuildFile; fileRef = 1C3DDCE02BDD7DB800934710 /* TripsDataModel.swift */; };
		1CBC7DBF2BD5256E00010241 /* AppDelegate.swift in Sources */ = {isa = PBXBuildFile; fileRef = 1CBC7DBE2BD5256E00010241 /* AppDelegate.swift */; };
		1CBC7DC12BD5256E00010241 /* SceneDelegate.swift in Sources */ = {isa = PBXBuildFile; fileRef = 1CBC7DC02BD5256E00010241 /* SceneDelegate.swift */; };
		1CBC7DC32BD5256E00010241 /* SignIn.swift in Sources */ = {isa = PBXBuildFile; fileRef = 1CBC7DC22BD5256E00010241 /* SignIn.swift */; };
		1CBC7DC62BD5256E00010241 /* Main.storyboard in Resources */ = {isa = PBXBuildFile; fileRef = 1CBC7DC42BD5256E00010241 /* Main.storyboard */; };
		1CBC7DC82BD5256F00010241 /* Assets.xcassets in Resources */ = {isa = PBXBuildFile; fileRef = 1CBC7DC72BD5256F00010241 /* Assets.xcassets */; };
		1CBC7DCB2BD5256F00010241 /* LaunchScreen.storyboard in Resources */ = {isa = PBXBuildFile; fileRef = 1CBC7DC92BD5256F00010241 /* LaunchScreen.storyboard */; };
		1CBC7DD62BD5256F00010241 /* DriverApp_FanZoneTests.swift in Sources */ = {isa = PBXBuildFile; fileRef = 1CBC7DD52BD5256F00010241 /* DriverApp_FanZoneTests.swift */; };
		1CBC7DE02BD5257000010241 /* DriverApp_FanZoneUITests.swift in Sources */ = {isa = PBXBuildFile; fileRef = 1CBC7DDF2BD5257000010241 /* DriverApp_FanZoneUITests.swift */; };
		1CBC7DE22BD5257000010241 /* DriverApp_FanZoneUITestsLaunchTests.swift in Sources */ = {isa = PBXBuildFile; fileRef = 1CBC7DE12BD5257000010241 /* DriverApp_FanZoneUITestsLaunchTests.swift */; };
		1CBF69D22BD595A000FDADEA /* TabBar.swift in Sources */ = {isa = PBXBuildFile; fileRef = 1CBF69D12BD595A000FDADEA /* TabBar.swift */; };
		1CBF69D62BD5975500FDADEA /* ProfileVC.swift in Sources */ = {isa = PBXBuildFile; fileRef = 1CBF69D52BD5975500FDADEA /* ProfileVC.swift */; };
		1CBF69D92BD59B2600FDADEA /* FirebaseAppCheck in Frameworks */ = {isa = PBXBuildFile; productRef = 1CBF69D82BD59B2600FDADEA /* FirebaseAppCheck */; };
		1CBF69DB2BD59B2600FDADEA /* FirebaseAuth in Frameworks */ = {isa = PBXBuildFile; productRef = 1CBF69DA2BD59B2600FDADEA /* FirebaseAuth */; };
		1CBF69DD2BD59B2600FDADEA /* FirebaseAuthCombine-Community in Frameworks */ = {isa = PBXBuildFile; productRef = 1CBF69DC2BD59B2600FDADEA /* FirebaseAuthCombine-Community */; };
		1CBF69DF2BD59B2600FDADEA /* FirebaseDatabase in Frameworks */ = {isa = PBXBuildFile; productRef = 1CBF69DE2BD59B2600FDADEA /* FirebaseDatabase */; };
		1CBF69E12BD59B2600FDADEA /* FirebaseDatabaseSwift in Frameworks */ = {isa = PBXBuildFile; productRef = 1CBF69E02BD59B2600FDADEA /* FirebaseDatabaseSwift */; };
		1CBF69E32BD59B2600FDADEA /* FirebaseDynamicLinks in Frameworks */ = {isa = PBXBuildFile; productRef = 1CBF69E22BD59B2600FDADEA /* FirebaseDynamicLinks */; };
		1CBF69E52BD59B2600FDADEA /* FirebaseFirestore in Frameworks */ = {isa = PBXBuildFile; productRef = 1CBF69E42BD59B2600FDADEA /* FirebaseFirestore */; };
		1CBF69E72BD59B2600FDADEA /* FirebaseFirestoreCombine-Community in Frameworks */ = {isa = PBXBuildFile; productRef = 1CBF69E62BD59B2600FDADEA /* FirebaseFirestoreCombine-Community */; };
		1CBF69E92BD59B2600FDADEA /* FirebaseFirestoreSwift in Frameworks */ = {isa = PBXBuildFile; productRef = 1CBF69E82BD59B2600FDADEA /* FirebaseFirestoreSwift */; };
		1CBF69EB2BD59B2600FDADEA /* FirebaseFunctions in Frameworks */ = {isa = PBXBuildFile; productRef = 1CBF69EA2BD59B2600FDADEA /* FirebaseFunctions */; };
		1CBF69ED2BD59B2600FDADEA /* FirebaseFunctionsCombine-Community in Frameworks */ = {isa = PBXBuildFile; productRef = 1CBF69EC2BD59B2600FDADEA /* FirebaseFunctionsCombine-Community */; };
		1CBF69EF2BD59B2600FDADEA /* FirebaseInstallations in Frameworks */ = {isa = PBXBuildFile; productRef = 1CBF69EE2BD59B2600FDADEA /* FirebaseInstallations */; };
		1CBF69F12BD59B2600FDADEA /* FirebasePerformance in Frameworks */ = {isa = PBXBuildFile; productRef = 1CBF69F02BD59B2600FDADEA /* FirebasePerformance */; };
		1CBF69F32BD59B2600FDADEA /* FirebaseStorage in Frameworks */ = {isa = PBXBuildFile; productRef = 1CBF69F22BD59B2600FDADEA /* FirebaseStorage */; };
		1CBF69F52BD59B2600FDADEA /* FirebaseStorageCombine-Community in Frameworks */ = {isa = PBXBuildFile; productRef = 1CBF69F42BD59B2600FDADEA /* FirebaseStorageCombine-Community */; };
		1CBF69F72BD59C6A00FDADEA /* GoogleService-Info.plist in Resources */ = {isa = PBXBuildFile; fileRef = 1CBF69F62BD59C6A00FDADEA /* GoogleService-Info.plist */; };
		1CBF69FC2BD59D3300FDADEA /* Alert.swift in Sources */ = {isa = PBXBuildFile; fileRef = 1CBF69FB2BD59D3300FDADEA /* Alert.swift */; };
		1CE8C9932BD6AEE200BF3840 /* HomeVC.swift in Sources */ = {isa = PBXBuildFile; fileRef = 1CE8C9922BD6AEE200BF3840 /* HomeVC.swift */; };
		1CE8C9952BD6B08600BF3840 /* ViewModel.swift in Sources */ = {isa = PBXBuildFile; fileRef = 1CE8C9942BD6B08600BF3840 /* ViewModel.swift */; };
		1CE8C9A12BD6B79300BF3840 /* RxCocoa in Frameworks */ = {isa = PBXBuildFile; productRef = 1CE8C9A02BD6B79300BF3840 /* RxCocoa */; };
		1CE8C9A32BD6B79300BF3840 /* RxRelay in Frameworks */ = {isa = PBXBuildFile; productRef = 1CE8C9A22BD6B79300BF3840 /* RxRelay */; };
		1CE8C9A52BD6B79300BF3840 /* RxSwift in Frameworks */ = {isa = PBXBuildFile; productRef = 1CE8C9A42BD6B79300BF3840 /* RxSwift */; };
		1CF4942A2BDFD24D00D122ED /* BookedFansVC.swift in Sources */ = {isa = PBXBuildFile; fileRef = 1CF494292BDFD24D00D122ED /* BookedFansVC.swift */; };
		1CF4942E2BDFD2DD00D122ED /* BookedFansTableViewCell.swift in Sources */ = {isa = PBXBuildFile; fileRef = 1CF4942C2BDFD2DD00D122ED /* BookedFansTableViewCell.swift */; };
		1CF4942F2BDFD2DD00D122ED /* BookedFansTableViewCell.xib in Resources */ = {isa = PBXBuildFile; fileRef = 1CF4942D2BDFD2DD00D122ED /* BookedFansTableViewCell.xib */; };
/* End PBXBuildFile section */

/* Begin PBXContainerItemProxy section */
		1CBC7DD22BD5256F00010241 /* PBXContainerItemProxy */ = {
			isa = PBXContainerItemProxy;
			containerPortal = 1CBC7DB32BD5256E00010241 /* Project object */;
			proxyType = 1;
			remoteGlobalIDString = 1CBC7DBA2BD5256E00010241;
			remoteInfo = "DriverApp-FanZone";
		};
		1CBC7DDC2BD5257000010241 /* PBXContainerItemProxy */ = {
			isa = PBXContainerItemProxy;
			containerPortal = 1CBC7DB32BD5256E00010241 /* Project object */;
			proxyType = 1;
			remoteGlobalIDString = 1CBC7DBA2BD5256E00010241;
			remoteInfo = "DriverApp-FanZone";
		};
/* End PBXContainerItemProxy section */

/* Begin PBXFileReference section */
		1C1974D72BD6A893008C8BCE /* CollectionViewCell.swift */ = {isa = PBXFileReference; lastKnownFileType = sourcecode.swift; path = CollectionViewCell.swift; sourceTree = "<group>"; };
		1C1974D82BD6A893008C8BCE /* CollectionViewCell.xib */ = {isa = PBXFileReference; lastKnownFileType = file.xib; path = CollectionViewCell.xib; sourceTree = "<group>"; };
		1C2173942BDA6FE000793B3C /* TripsTableViewCell.swift */ = {isa = PBXFileReference; lastKnownFileType = sourcecode.swift; path = TripsTableViewCell.swift; sourceTree = "<group>"; };
		1C2173952BDA6FE000793B3C /* TripsTableViewCell.xib */ = {isa = PBXFileReference; lastKnownFileType = file.xib; path = TripsTableViewCell.xib; sourceTree = "<group>"; };
		1C2173982BDA7FB900793B3C /* ImageView.swift */ = {isa = PBXFileReference; lastKnownFileType = sourcecode.swift; path = ImageView.swift; sourceTree = "<group>"; };
		1C3DDCE02BDD7DB800934710 /* TripsDataModel.swift */ = {isa = PBXFileReference; lastKnownFileType = sourcecode.swift; path = TripsDataModel.swift; sourceTree = "<group>"; };
		1CBC7DBB2BD5256E00010241 /* DriverApp-FanZone.app */ = {isa = PBXFileReference; explicitFileType = wrapper.application; includeInIndex = 0; path = "DriverApp-FanZone.app"; sourceTree = BUILT_PRODUCTS_DIR; };
		1CBC7DBE2BD5256E00010241 /* AppDelegate.swift */ = {isa = PBXFileReference; lastKnownFileType = sourcecode.swift; path = AppDelegate.swift; sourceTree = "<group>"; };
		1CBC7DC02BD5256E00010241 /* SceneDelegate.swift */ = {isa = PBXFileReference; lastKnownFileType = sourcecode.swift; path = SceneDelegate.swift; sourceTree = "<group>"; };
		1CBC7DC22BD5256E00010241 /* SignIn.swift */ = {isa = PBXFileReference; lastKnownFileType = sourcecode.swift; path = SignIn.swift; sourceTree = "<group>"; };
		1CBC7DC52BD5256E00010241 /* Base */ = {isa = PBXFileReference; lastKnownFileType = file.storyboard; name = Base; path = Base.lproj/Main.storyboard; sourceTree = "<group>"; };
		1CBC7DC72BD5256F00010241 /* Assets.xcassets */ = {isa = PBXFileReference; lastKnownFileType = folder.assetcatalog; path = Assets.xcassets; sourceTree = "<group>"; };
		1CBC7DCA2BD5256F00010241 /* Base */ = {isa = PBXFileReference; lastKnownFileType = file.storyboard; name = Base; path = Base.lproj/LaunchScreen.storyboard; sourceTree = "<group>"; };
		1CBC7DCC2BD5256F00010241 /* Info.plist */ = {isa = PBXFileReference; lastKnownFileType = text.plist.xml; path = Info.plist; sourceTree = "<group>"; };
		1CBC7DD12BD5256F00010241 /* DriverApp-FanZoneTests.xctest */ = {isa = PBXFileReference; explicitFileType = wrapper.cfbundle; includeInIndex = 0; path = "DriverApp-FanZoneTests.xctest"; sourceTree = BUILT_PRODUCTS_DIR; };
		1CBC7DD52BD5256F00010241 /* DriverApp_FanZoneTests.swift */ = {isa = PBXFileReference; lastKnownFileType = sourcecode.swift; path = DriverApp_FanZoneTests.swift; sourceTree = "<group>"; };
		1CBC7DDB2BD5257000010241 /* DriverApp-FanZoneUITests.xctest */ = {isa = PBXFileReference; explicitFileType = wrapper.cfbundle; includeInIndex = 0; path = "DriverApp-FanZoneUITests.xctest"; sourceTree = BUILT_PRODUCTS_DIR; };
		1CBC7DDF2BD5257000010241 /* DriverApp_FanZoneUITests.swift */ = {isa = PBXFileReference; lastKnownFileType = sourcecode.swift; path = DriverApp_FanZoneUITests.swift; sourceTree = "<group>"; };
		1CBC7DE12BD5257000010241 /* DriverApp_FanZoneUITestsLaunchTests.swift */ = {isa = PBXFileReference; lastKnownFileType = sourcecode.swift; path = DriverApp_FanZoneUITestsLaunchTests.swift; sourceTree = "<group>"; };
		1CBF69D12BD595A000FDADEA /* TabBar.swift */ = {isa = PBXFileReference; lastKnownFileType = sourcecode.swift; path = TabBar.swift; sourceTree = "<group>"; };
		1CBF69D52BD5975500FDADEA /* ProfileVC.swift */ = {isa = PBXFileReference; lastKnownFileType = sourcecode.swift; path = ProfileVC.swift; sourceTree = "<group>"; };
		1CBF69F62BD59C6A00FDADEA /* GoogleService-Info.plist */ = {isa = PBXFileReference; fileEncoding = 4; lastKnownFileType = text.plist.xml; path = "GoogleService-Info.plist"; sourceTree = "<group>"; };
		1CBF69FB2BD59D3300FDADEA /* Alert.swift */ = {isa = PBXFileReference; lastKnownFileType = sourcecode.swift; path = Alert.swift; sourceTree = "<group>"; };
		1CE8C9922BD6AEE200BF3840 /* HomeVC.swift */ = {isa = PBXFileReference; lastKnownFileType = sourcecode.swift; path = HomeVC.swift; sourceTree = "<group>"; };
		1CE8C9942BD6B08600BF3840 /* ViewModel.swift */ = {isa = PBXFileReference; lastKnownFileType = sourcecode.swift; path = ViewModel.swift; sourceTree = "<group>"; };
		1CF494292BDFD24D00D122ED /* BookedFansVC.swift */ = {isa = PBXFileReference; lastKnownFileType = sourcecode.swift; path = BookedFansVC.swift; sourceTree = "<group>"; };
		1CF4942C2BDFD2DD00D122ED /* BookedFansTableViewCell.swift */ = {isa = PBXFileReference; lastKnownFileType = sourcecode.swift; path = BookedFansTableViewCell.swift; sourceTree = "<group>"; };
		1CF4942D2BDFD2DD00D122ED /* BookedFansTableViewCell.xib */ = {isa = PBXFileReference; lastKnownFileType = file.xib; path = BookedFansTableViewCell.xib; sourceTree = "<group>"; };
/* End PBXFileReference section */

/* Begin PBXFrameworksBuildPhase section */
		1CBC7DB82BD5256E00010241 /* Frameworks */ = {
			isa = PBXFrameworksBuildPhase;
			buildActionMask = 2147483647;
			files = (
				1CE8C9A52BD6B79300BF3840 /* RxSwift in Frameworks */,
				1CBF69E12BD59B2600FDADEA /* FirebaseDatabaseSwift in Frameworks */,
				1CBF69E72BD59B2600FDADEA /* FirebaseFirestoreCombine-Community in Frameworks */,
				1CBF69D92BD59B2600FDADEA /* FirebaseAppCheck in Frameworks */,
				1CBF69EF2BD59B2600FDADEA /* FirebaseInstallations in Frameworks */,
				1CBF69DD2BD59B2600FDADEA /* FirebaseAuthCombine-Community in Frameworks */,
				1CBF69DF2BD59B2600FDADEA /* FirebaseDatabase in Frameworks */,
				1CE8C9A12BD6B79300BF3840 /* RxCocoa in Frameworks */,
				1CBF69DB2BD59B2600FDADEA /* FirebaseAuth in Frameworks */,
				1CE8C9A32BD6B79300BF3840 /* RxRelay in Frameworks */,
				1CBF69F52BD59B2600FDADEA /* FirebaseStorageCombine-Community in Frameworks */,
				1CBF69E32BD59B2600FDADEA /* FirebaseDynamicLinks in Frameworks */,
				1CBF69EB2BD59B2600FDADEA /* FirebaseFunctions in Frameworks */,
				1CBF69E52BD59B2600FDADEA /* FirebaseFirestore in Frameworks */,
				1CBF69F12BD59B2600FDADEA /* FirebasePerformance in Frameworks */,
				1CBF69F32BD59B2600FDADEA /* FirebaseStorage in Frameworks */,
				1CBF69ED2BD59B2600FDADEA /* FirebaseFunctionsCombine-Community in Frameworks */,
				1CBF69E92BD59B2600FDADEA /* FirebaseFirestoreSwift in Frameworks */,
			);
			runOnlyForDeploymentPostprocessing = 0;
		};
		1CBC7DCE2BD5256F00010241 /* Frameworks */ = {
			isa = PBXFrameworksBuildPhase;
			buildActionMask = 2147483647;
			files = (
			);
			runOnlyForDeploymentPostprocessing = 0;
		};
		1CBC7DD82BD5257000010241 /* Frameworks */ = {
			isa = PBXFrameworksBuildPhase;
			buildActionMask = 2147483647;
			files = (
			);
			runOnlyForDeploymentPostprocessing = 0;
		};
/* End PBXFrameworksBuildPhase section */

/* Begin PBXGroup section */
		1C1267B12BD579FC00637E38 /* ViewModel */ = {
			isa = PBXGroup;
			children = (
				1CE8C9942BD6B08600BF3840 /* ViewModel.swift */,
			);
			path = ViewModel;
			sourceTree = "<group>";
		};
		1C1267B22BD57A1400637E38 /* View */ = {
			isa = PBXGroup;
			children = (
				1CBC7DC42BD5256E00010241 /* Main.storyboard */,
				1CBC7DC22BD5256E00010241 /* SignIn.swift */,
				1CBF69D12BD595A000FDADEA /* TabBar.swift */,
				1CBF69D52BD5975500FDADEA /* ProfileVC.swift */,
				1C1974D52BD6A78E008C8BCE /* Home */,
				1CF494282BDFD20B00D122ED /* Trips */,
			);
			path = View;
			sourceTree = "<group>";
		};
		1C1267B32BD57A2600637E38 /* Model */ = {
			isa = PBXGroup;
			children = (
				1C3DDCE02BDD7DB800934710 /* TripsDataModel.swift */,
			);
			path = Model;
			sourceTree = "<group>";
		};
		1C1267B42BD57B0F00637E38 /* Supporting files */ = {
			isa = PBXGroup;
			children = (
				1CBC7DBE2BD5256E00010241 /* AppDelegate.swift */,
				1CBC7DC02BD5256E00010241 /* SceneDelegate.swift */,
				1CBC7DC92BD5256F00010241 /* LaunchScreen.storyboard */,
			);
			path = "Supporting files";
			sourceTree = "<group>";
		};
		1C1267B52BD57B3600637E38 /* Assets */ = {
			isa = PBXGroup;
			children = (
				1CBC7DC72BD5256F00010241 /* Assets.xcassets */,
			);
			path = Assets;
			sourceTree = "<group>";
		};
		1C1974D52BD6A78E008C8BCE /* Home */ = {
			isa = PBXGroup;
			children = (
				1CE8C9922BD6AEE200BF3840 /* HomeVC.swift */,
				1C1974D62BD6A7A9008C8BCE /* DateCollectionViewVC */,
				1C2173932BDA6FB300793B3C /* TripsTableViewCell */,
			);
			path = Home;
			sourceTree = "<group>";
		};
		1C1974D62BD6A7A9008C8BCE /* DateCollectionViewVC */ = {
			isa = PBXGroup;
			children = (
				1C1974D72BD6A893008C8BCE /* CollectionViewCell.swift */,
				1C1974D82BD6A893008C8BCE /* CollectionViewCell.xib */,
			);
			path = DateCollectionViewVC;
			sourceTree = "<group>";
		};
		1C2173932BDA6FB300793B3C /* TripsTableViewCell */ = {
			isa = PBXGroup;
			children = (
				1C2173942BDA6FE000793B3C /* TripsTableViewCell.swift */,
				1C2173952BDA6FE000793B3C /* TripsTableViewCell.xib */,
			);
			path = TripsTableViewCell;
			sourceTree = "<group>";
		};
		1CBC7DB22BD5256E00010241 = {
			isa = PBXGroup;
			children = (
				1CBC7DBD2BD5256E00010241 /* DriverApp-FanZone */,
				1CBC7DD42BD5256F00010241 /* DriverApp-FanZoneTests */,
				1CBC7DDE2BD5257000010241 /* DriverApp-FanZoneUITests */,
				1CBC7DBC2BD5256E00010241 /* Products */,
			);
			sourceTree = "<group>";
		};
		1CBC7DBC2BD5256E00010241 /* Products */ = {
			isa = PBXGroup;
			children = (
				1CBC7DBB2BD5256E00010241 /* DriverApp-FanZone.app */,
				1CBC7DD12BD5256F00010241 /* DriverApp-FanZoneTests.xctest */,
				1CBC7DDB2BD5257000010241 /* DriverApp-FanZoneUITests.xctest */,
			);
			name = Products;
			sourceTree = "<group>";
		};
		1CBC7DBD2BD5256E00010241 /* DriverApp-FanZone */ = {
			isa = PBXGroup;
			children = (
				1C1267B32BD57A2600637E38 /* Model */,
				1C1267B22BD57A1400637E38 /* View */,
				1C1267B12BD579FC00637E38 /* ViewModel */,
				1C1267B52BD57B3600637E38 /* Assets */,
				1C1267B42BD57B0F00637E38 /* Supporting files */,
				1CBF69F82BD59CF400FDADEA /* Extensions */,
				1CBC7DCC2BD5256F00010241 /* Info.plist */,
				1CBF69F62BD59C6A00FDADEA /* GoogleService-Info.plist */,
			);
			path = "DriverApp-FanZone";
			sourceTree = "<group>";
		};
		1CBC7DD42BD5256F00010241 /* DriverApp-FanZoneTests */ = {
			isa = PBXGroup;
			children = (
				1CBC7DD52BD5256F00010241 /* DriverApp_FanZoneTests.swift */,
			);
			path = "DriverApp-FanZoneTests";
			sourceTree = "<group>";
		};
		1CBC7DDE2BD5257000010241 /* DriverApp-FanZoneUITests */ = {
			isa = PBXGroup;
			children = (
				1CBC7DDF2BD5257000010241 /* DriverApp_FanZoneUITests.swift */,
				1CBC7DE12BD5257000010241 /* DriverApp_FanZoneUITestsLaunchTests.swift */,
			);
			path = "DriverApp-FanZoneUITests";
			sourceTree = "<group>";
		};
		1CBF69F82BD59CF400FDADEA /* Extensions */ = {
			isa = PBXGroup;
			children = (
				1CBF69FB2BD59D3300FDADEA /* Alert.swift */,
				1C2173982BDA7FB900793B3C /* ImageView.swift */,
			);
			path = Extensions;
			sourceTree = "<group>";
		};
		1CF494282BDFD20B00D122ED /* Trips */ = {
			isa = PBXGroup;
			children = (
				1CF494292BDFD24D00D122ED /* BookedFansVC.swift */,
				1CF4942B2BDFD2B600D122ED /* BookedFansTableViewCell */,
			);
			path = Trips;
			sourceTree = "<group>";
		};
		1CF4942B2BDFD2B600D122ED /* BookedFansTableViewCell */ = {
			isa = PBXGroup;
			children = (
				1CF4942C2BDFD2DD00D122ED /* BookedFansTableViewCell.swift */,
				1CF4942D2BDFD2DD00D122ED /* BookedFansTableViewCell.xib */,
			);
			path = BookedFansTableViewCell;
			sourceTree = "<group>";
		};
/* End PBXGroup section */

/* Begin PBXNativeTarget section */
		1CBC7DBA2BD5256E00010241 /* DriverApp-FanZone */ = {
			isa = PBXNativeTarget;
			buildConfigurationList = 1CBC7DE52BD5257000010241 /* Build configuration list for PBXNativeTarget "DriverApp-FanZone" */;
			buildPhases = (
				1CBC7DB72BD5256E00010241 /* Sources */,
				1CBC7DB82BD5256E00010241 /* Frameworks */,
				1CBC7DB92BD5256E00010241 /* Resources */,
			);
			buildRules = (
			);
			dependencies = (
			);
			name = "DriverApp-FanZone";
			packageProductDependencies = (
				1CBF69D82BD59B2600FDADEA /* FirebaseAppCheck */,
				1CBF69DA2BD59B2600FDADEA /* FirebaseAuth */,
				1CBF69DC2BD59B2600FDADEA /* FirebaseAuthCombine-Community */,
				1CBF69DE2BD59B2600FDADEA /* FirebaseDatabase */,
				1CBF69E02BD59B2600FDADEA /* FirebaseDatabaseSwift */,
				1CBF69E22BD59B2600FDADEA /* FirebaseDynamicLinks */,
				1CBF69E42BD59B2600FDADEA /* FirebaseFirestore */,
				1CBF69E62BD59B2600FDADEA /* FirebaseFirestoreCombine-Community */,
				1CBF69E82BD59B2600FDADEA /* FirebaseFirestoreSwift */,
				1CBF69EA2BD59B2600FDADEA /* FirebaseFunctions */,
				1CBF69EC2BD59B2600FDADEA /* FirebaseFunctionsCombine-Community */,
				1CBF69EE2BD59B2600FDADEA /* FirebaseInstallations */,
				1CBF69F02BD59B2600FDADEA /* FirebasePerformance */,
				1CBF69F22BD59B2600FDADEA /* FirebaseStorage */,
				1CBF69F42BD59B2600FDADEA /* FirebaseStorageCombine-Community */,
				1CE8C9A02BD6B79300BF3840 /* RxCocoa */,
				1CE8C9A22BD6B79300BF3840 /* RxRelay */,
				1CE8C9A42BD6B79300BF3840 /* RxSwift */,
			);
			productName = "DriverApp-FanZone";
			productReference = 1CBC7DBB2BD5256E00010241 /* DriverApp-FanZone.app */;
			productType = "com.apple.product-type.application";
		};
		1CBC7DD02BD5256F00010241 /* DriverApp-FanZoneTests */ = {
			isa = PBXNativeTarget;
			buildConfigurationList = 1CBC7DE82BD5257000010241 /* Build configuration list for PBXNativeTarget "DriverApp-FanZoneTests" */;
			buildPhases = (
				1CBC7DCD2BD5256F00010241 /* Sources */,
				1CBC7DCE2BD5256F00010241 /* Frameworks */,
				1CBC7DCF2BD5256F00010241 /* Resources */,
			);
			buildRules = (
			);
			dependencies = (
				1CBC7DD32BD5256F00010241 /* PBXTargetDependency */,
			);
			name = "DriverApp-FanZoneTests";
			productName = "DriverApp-FanZoneTests";
			productReference = 1CBC7DD12BD5256F00010241 /* DriverApp-FanZoneTests.xctest */;
			productType = "com.apple.product-type.bundle.unit-test";
		};
		1CBC7DDA2BD5257000010241 /* DriverApp-FanZoneUITests */ = {
			isa = PBXNativeTarget;
			buildConfigurationList = 1CBC7DEB2BD5257000010241 /* Build configuration list for PBXNativeTarget "DriverApp-FanZoneUITests" */;
			buildPhases = (
				1CBC7DD72BD5257000010241 /* Sources */,
				1CBC7DD82BD5257000010241 /* Frameworks */,
				1CBC7DD92BD5257000010241 /* Resources */,
			);
			buildRules = (
			);
			dependencies = (
				1CBC7DDD2BD5257000010241 /* PBXTargetDependency */,
			);
			name = "DriverApp-FanZoneUITests";
			productName = "DriverApp-FanZoneUITests";
			productReference = 1CBC7DDB2BD5257000010241 /* DriverApp-FanZoneUITests.xctest */;
			productType = "com.apple.product-type.bundle.ui-testing";
		};
/* End PBXNativeTarget section */

/* Begin PBXProject section */
		1CBC7DB32BD5256E00010241 /* Project object */ = {
			isa = PBXProject;
			attributes = {
				BuildIndependentTargetsInParallel = 1;
				LastSwiftUpdateCheck = 1420;
				LastUpgradeCheck = 1420;
				TargetAttributes = {
					1CBC7DBA2BD5256E00010241 = {
						CreatedOnToolsVersion = 14.2;
					};
					1CBC7DD02BD5256F00010241 = {
						CreatedOnToolsVersion = 14.2;
						TestTargetID = 1CBC7DBA2BD5256E00010241;
					};
					1CBC7DDA2BD5257000010241 = {
						CreatedOnToolsVersion = 14.2;
						TestTargetID = 1CBC7DBA2BD5256E00010241;
					};
				};
			};
			buildConfigurationList = 1CBC7DB62BD5256E00010241 /* Build configuration list for PBXProject "DriverApp-FanZone" */;
			compatibilityVersion = "Xcode 14.0";
			developmentRegion = en;
			hasScannedForEncodings = 0;
			knownRegions = (
				en,
				Base,
			);
			mainGroup = 1CBC7DB22BD5256E00010241;
			packageReferences = (
				1CBF69D72BD59B2600FDADEA /* XCRemoteSwiftPackageReference "firebase-ios-sdk" */,
				1CE8C99F2BD6B79200BF3840 /* XCRemoteSwiftPackageReference "RxSwift" */,
			);
			productRefGroup = 1CBC7DBC2BD5256E00010241 /* Products */;
			projectDirPath = "";
			projectRoot = "";
			targets = (
				1CBC7DBA2BD5256E00010241 /* DriverApp-FanZone */,
				1CBC7DD02BD5256F00010241 /* DriverApp-FanZoneTests */,
				1CBC7DDA2BD5257000010241 /* DriverApp-FanZoneUITests */,
			);
		};
/* End PBXProject section */

/* Begin PBXResourcesBuildPhase section */
		1CBC7DB92BD5256E00010241 /* Resources */ = {
			isa = PBXResourcesBuildPhase;
			buildActionMask = 2147483647;
			files = (
				1CBC7DCB2BD5256F00010241 /* LaunchScreen.storyboard in Resources */,
				1CBC7DC82BD5256F00010241 /* Assets.xcassets in Resources */,
				1CF4942F2BDFD2DD00D122ED /* BookedFansTableViewCell.xib in Resources */,
				1C2173972BDA6FE000793B3C /* TripsTableViewCell.xib in Resources */,
				1CBF69F72BD59C6A00FDADEA /* GoogleService-Info.plist in Resources */,
				1CBC7DC62BD5256E00010241 /* Main.storyboard in Resources */,
				1C1974DA2BD6A893008C8BCE /* CollectionViewCell.xib in Resources */,
			);
			runOnlyForDeploymentPostprocessing = 0;
		};
		1CBC7DCF2BD5256F00010241 /* Resources */ = {
			isa = PBXResourcesBuildPhase;
			buildActionMask = 2147483647;
			files = (
			);
			runOnlyForDeploymentPostprocessing = 0;
		};
		1CBC7DD92BD5257000010241 /* Resources */ = {
			isa = PBXResourcesBuildPhase;
			buildActionMask = 2147483647;
			files = (
			);
			runOnlyForDeploymentPostprocessing = 0;
		};
/* End PBXResourcesBuildPhase section */

/* Begin PBXSourcesBuildPhase section */
		1CBC7DB72BD5256E00010241 /* Sources */ = {
			isa = PBXSourcesBuildPhase;
			buildActionMask = 2147483647;
			files = (
				1CF4942A2BDFD24D00D122ED /* BookedFansVC.swift in Sources */,
				1C3DDCE12BDD7DB800934710 /* TripsDataModel.swift in Sources */,
				1CBF69D62BD5975500FDADEA /* ProfileVC.swift in Sources */,
				1CF4942E2BDFD2DD00D122ED /* BookedFansTableViewCell.swift in Sources */,
				1CE8C9952BD6B08600BF3840 /* ViewModel.swift in Sources */,
				1CE8C9932BD6AEE200BF3840 /* HomeVC.swift in Sources */,
				1CBC7DC32BD5256E00010241 /* SignIn.swift in Sources */,
				1C2173992BDA7FB900793B3C /* ImageView.swift in Sources */,
				1C2173962BDA6FE000793B3C /* TripsTableViewCell.swift in Sources */,
				1C1974D92BD6A893008C8BCE /* CollectionViewCell.swift in Sources */,
				1CBC7DBF2BD5256E00010241 /* AppDelegate.swift in Sources */,
				1CBC7DC12BD5256E00010241 /* SceneDelegate.swift in Sources */,
				1CBF69D22BD595A000FDADEA /* TabBar.swift in Sources */,
				1CBF69FC2BD59D3300FDADEA /* Alert.swift in Sources */,
			);
			runOnlyForDeploymentPostprocessing = 0;
		};
		1CBC7DCD2BD5256F00010241 /* Sources */ = {
			isa = PBXSourcesBuildPhase;
			buildActionMask = 2147483647;
			files = (
				1CBC7DD62BD5256F00010241 /* DriverApp_FanZoneTests.swift in Sources */,
			);
			runOnlyForDeploymentPostprocessing = 0;
		};
		1CBC7DD72BD5257000010241 /* Sources */ = {
			isa = PBXSourcesBuildPhase;
			buildActionMask = 2147483647;
			files = (
				1CBC7DE22BD5257000010241 /* DriverApp_FanZoneUITestsLaunchTests.swift in Sources */,
				1CBC7DE02BD5257000010241 /* DriverApp_FanZoneUITests.swift in Sources */,
			);
			runOnlyForDeploymentPostprocessing = 0;
		};
/* End PBXSourcesBuildPhase section */

/* Begin PBXTargetDependency section */
		1CBC7DD32BD5256F00010241 /* PBXTargetDependency */ = {
			isa = PBXTargetDependency;
			target = 1CBC7DBA2BD5256E00010241 /* DriverApp-FanZone */;
			targetProxy = 1CBC7DD22BD5256F00010241 /* PBXContainerItemProxy */;
		};
		1CBC7DDD2BD5257000010241 /* PBXTargetDependency */ = {
			isa = PBXTargetDependency;
			target = 1CBC7DBA2BD5256E00010241 /* DriverApp-FanZone */;
			targetProxy = 1CBC7DDC2BD5257000010241 /* PBXContainerItemProxy */;
		};
/* End PBXTargetDependency section */

/* Begin PBXVariantGroup section */
		1CBC7DC42BD5256E00010241 /* Main.storyboard */ = {
			isa = PBXVariantGroup;
			children = (
				1CBC7DC52BD5256E00010241 /* Base */,
			);
			name = Main.storyboard;
			sourceTree = "<group>";
		};
		1CBC7DC92BD5256F00010241 /* LaunchScreen.storyboard */ = {
			isa = PBXVariantGroup;
			children = (
				1CBC7DCA2BD5256F00010241 /* Base */,
			);
			name = LaunchScreen.storyboard;
			sourceTree = "<group>";
		};
/* End PBXVariantGroup section */

/* Begin XCBuildConfiguration section */
		1CBC7DE32BD5257000010241 /* Debug */ = {
			isa = XCBuildConfiguration;
			buildSettings = {
				ALWAYS_SEARCH_USER_PATHS = NO;
				CLANG_ANALYZER_NONNULL = YES;
				CLANG_ANALYZER_NUMBER_OBJECT_CONVERSION = YES_AGGRESSIVE;
				CLANG_CXX_LANGUAGE_STANDARD = "gnu++20";
				CLANG_ENABLE_MODULES = YES;
				CLANG_ENABLE_OBJC_ARC = YES;
				CLANG_ENABLE_OBJC_WEAK = YES;
				CLANG_WARN_BLOCK_CAPTURE_AUTORELEASING = YES;
				CLANG_WARN_BOOL_CONVERSION = YES;
				CLANG_WARN_COMMA = YES;
				CLANG_WARN_CONSTANT_CONVERSION = YES;
				CLANG_WARN_DEPRECATED_OBJC_IMPLEMENTATIONS = YES;
				CLANG_WARN_DIRECT_OBJC_ISA_USAGE = YES_ERROR;
				CLANG_WARN_DOCUMENTATION_COMMENTS = YES;
				CLANG_WARN_EMPTY_BODY = YES;
				CLANG_WARN_ENUM_CONVERSION = YES;
				CLANG_WARN_INFINITE_RECURSION = YES;
				CLANG_WARN_INT_CONVERSION = YES;
				CLANG_WARN_NON_LITERAL_NULL_CONVERSION = YES;
				CLANG_WARN_OBJC_IMPLICIT_RETAIN_SELF = YES;
				CLANG_WARN_OBJC_LITERAL_CONVERSION = YES;
				CLANG_WARN_OBJC_ROOT_CLASS = YES_ERROR;
				CLANG_WARN_QUOTED_INCLUDE_IN_FRAMEWORK_HEADER = YES;
				CLANG_WARN_RANGE_LOOP_ANALYSIS = YES;
				CLANG_WARN_STRICT_PROTOTYPES = YES;
				CLANG_WARN_SUSPICIOUS_MOVE = YES;
				CLANG_WARN_UNGUARDED_AVAILABILITY = YES_AGGRESSIVE;
				CLANG_WARN_UNREACHABLE_CODE = YES;
				CLANG_WARN__DUPLICATE_METHOD_MATCH = YES;
				COPY_PHASE_STRIP = NO;
				DEBUG_INFORMATION_FORMAT = dwarf;
				ENABLE_STRICT_OBJC_MSGSEND = YES;
				ENABLE_TESTABILITY = YES;
				GCC_C_LANGUAGE_STANDARD = gnu11;
				GCC_DYNAMIC_NO_PIC = NO;
				GCC_NO_COMMON_BLOCKS = YES;
				GCC_OPTIMIZATION_LEVEL = 0;
				GCC_PREPROCESSOR_DEFINITIONS = (
					"DEBUG=1",
					"$(inherited)",
				);
				GCC_WARN_64_TO_32_BIT_CONVERSION = YES;
				GCC_WARN_ABOUT_RETURN_TYPE = YES_ERROR;
				GCC_WARN_UNDECLARED_SELECTOR = YES;
				GCC_WARN_UNINITIALIZED_AUTOS = YES_AGGRESSIVE;
				GCC_WARN_UNUSED_FUNCTION = YES;
				GCC_WARN_UNUSED_VARIABLE = YES;
				IPHONEOS_DEPLOYMENT_TARGET = 16.2;
				MTL_ENABLE_DEBUG_INFO = INCLUDE_SOURCE;
				MTL_FAST_MATH = YES;
				ONLY_ACTIVE_ARCH = YES;
				SDKROOT = iphoneos;
				SWIFT_ACTIVE_COMPILATION_CONDITIONS = DEBUG;
				SWIFT_OPTIMIZATION_LEVEL = "-Onone";
			};
			name = Debug;
		};
		1CBC7DE42BD5257000010241 /* Release */ = {
			isa = XCBuildConfiguration;
			buildSettings = {
				ALWAYS_SEARCH_USER_PATHS = NO;
				CLANG_ANALYZER_NONNULL = YES;
				CLANG_ANALYZER_NUMBER_OBJECT_CONVERSION = YES_AGGRESSIVE;
				CLANG_CXX_LANGUAGE_STANDARD = "gnu++20";
				CLANG_ENABLE_MODULES = YES;
				CLANG_ENABLE_OBJC_ARC = YES;
				CLANG_ENABLE_OBJC_WEAK = YES;
				CLANG_WARN_BLOCK_CAPTURE_AUTORELEASING = YES;
				CLANG_WARN_BOOL_CONVERSION = YES;
				CLANG_WARN_COMMA = YES;
				CLANG_WARN_CONSTANT_CONVERSION = YES;
				CLANG_WARN_DEPRECATED_OBJC_IMPLEMENTATIONS = YES;
				CLANG_WARN_DIRECT_OBJC_ISA_USAGE = YES_ERROR;
				CLANG_WARN_DOCUMENTATION_COMMENTS = YES;
				CLANG_WARN_EMPTY_BODY = YES;
				CLANG_WARN_ENUM_CONVERSION = YES;
				CLANG_WARN_INFINITE_RECURSION = YES;
				CLANG_WARN_INT_CONVERSION = YES;
				CLANG_WARN_NON_LITERAL_NULL_CONVERSION = YES;
				CLANG_WARN_OBJC_IMPLICIT_RETAIN_SELF = YES;
				CLANG_WARN_OBJC_LITERAL_CONVERSION = YES;
				CLANG_WARN_OBJC_ROOT_CLASS = YES_ERROR;
				CLANG_WARN_QUOTED_INCLUDE_IN_FRAMEWORK_HEADER = YES;
				CLANG_WARN_RANGE_LOOP_ANALYSIS = YES;
				CLANG_WARN_STRICT_PROTOTYPES = YES;
				CLANG_WARN_SUSPICIOUS_MOVE = YES;
				CLANG_WARN_UNGUARDED_AVAILABILITY = YES_AGGRESSIVE;
				CLANG_WARN_UNREACHABLE_CODE = YES;
				CLANG_WARN__DUPLICATE_METHOD_MATCH = YES;
				COPY_PHASE_STRIP = NO;
				DEBUG_INFORMATION_FORMAT = "dwarf-with-dsym";
				ENABLE_NS_ASSERTIONS = NO;
				ENABLE_STRICT_OBJC_MSGSEND = YES;
				GCC_C_LANGUAGE_STANDARD = gnu11;
				GCC_NO_COMMON_BLOCKS = YES;
				GCC_WARN_64_TO_32_BIT_CONVERSION = YES;
				GCC_WARN_ABOUT_RETURN_TYPE = YES_ERROR;
				GCC_WARN_UNDECLARED_SELECTOR = YES;
				GCC_WARN_UNINITIALIZED_AUTOS = YES_AGGRESSIVE;
				GCC_WARN_UNUSED_FUNCTION = YES;
				GCC_WARN_UNUSED_VARIABLE = YES;
				IPHONEOS_DEPLOYMENT_TARGET = 16.2;
				MTL_ENABLE_DEBUG_INFO = NO;
				MTL_FAST_MATH = YES;
				SDKROOT = iphoneos;
				SWIFT_COMPILATION_MODE = wholemodule;
				SWIFT_OPTIMIZATION_LEVEL = "-O";
				VALIDATE_PRODUCT = YES;
			};
			name = Release;
		};
		1CBC7DE62BD5257000010241 /* Debug */ = {
			isa = XCBuildConfiguration;
			buildSettings = {
				ASSETCATALOG_COMPILER_APPICON_NAME = AppIcon;
				ASSETCATALOG_COMPILER_GLOBAL_ACCENT_COLOR_NAME = AccentColor;
				CODE_SIGN_STYLE = Automatic;
				CURRENT_PROJECT_VERSION = 1;
				DEVELOPMENT_TEAM = YMB9NT2NKU;
				GENERATE_INFOPLIST_FILE = YES;
				INFOPLIST_FILE = "DriverApp-FanZone/Info.plist";
				INFOPLIST_KEY_UIApplicationSupportsIndirectInputEvents = YES;
				INFOPLIST_KEY_UILaunchStoryboardName = LaunchScreen;
				INFOPLIST_KEY_UIMainStoryboardFile = Main;
				INFOPLIST_KEY_UISupportedInterfaceOrientations_iPad = "UIInterfaceOrientationPortrait UIInterfaceOrientationPortraitUpsideDown UIInterfaceOrientationLandscapeLeft UIInterfaceOrientationLandscapeRight";
				INFOPLIST_KEY_UISupportedInterfaceOrientations_iPhone = "UIInterfaceOrientationPortrait UIInterfaceOrientationLandscapeLeft UIInterfaceOrientationLandscapeRight";
				LD_RUNPATH_SEARCH_PATHS = (
					"$(inherited)",
					"@executable_path/Frameworks",
				);
				MARKETING_VERSION = 1.0;
				PRODUCT_BUNDLE_IDENTIFIER = "com.atrees.DriverApp-FanZone";
				PRODUCT_NAME = "$(TARGET_NAME)";
				SWIFT_EMIT_LOC_STRINGS = YES;
				SWIFT_VERSION = 5.0;
				TARGETED_DEVICE_FAMILY = "1,2";
			};
			name = Debug;
		};
		1CBC7DE72BD5257000010241 /* Release */ = {
			isa = XCBuildConfiguration;
			buildSettings = {
				ASSETCATALOG_COMPILER_APPICON_NAME = AppIcon;
				ASSETCATALOG_COMPILER_GLOBAL_ACCENT_COLOR_NAME = AccentColor;
				CODE_SIGN_STYLE = Automatic;
				CURRENT_PROJECT_VERSION = 1;
				DEVELOPMENT_TEAM = YMB9NT2NKU;
				GENERATE_INFOPLIST_FILE = YES;
				INFOPLIST_FILE = "DriverApp-FanZone/Info.plist";
				INFOPLIST_KEY_UIApplicationSupportsIndirectInputEvents = YES;
				INFOPLIST_KEY_UILaunchStoryboardName = LaunchScreen;
				INFOPLIST_KEY_UIMainStoryboardFile = Main;
				INFOPLIST_KEY_UISupportedInterfaceOrientations_iPad = "UIInterfaceOrientationPortrait UIInterfaceOrientationPortraitUpsideDown UIInterfaceOrientationLandscapeLeft UIInterfaceOrientationLandscapeRight";
				INFOPLIST_KEY_UISupportedInterfaceOrientations_iPhone = "UIInterfaceOrientationPortrait UIInterfaceOrientationLandscapeLeft UIInterfaceOrientationLandscapeRight";
				LD_RUNPATH_SEARCH_PATHS = (
					"$(inherited)",
					"@executable_path/Frameworks",
				);
				MARKETING_VERSION = 1.0;
				PRODUCT_BUNDLE_IDENTIFIER = "com.atrees.DriverApp-FanZone";
				PRODUCT_NAME = "$(TARGET_NAME)";
				SWIFT_EMIT_LOC_STRINGS = YES;
				SWIFT_VERSION = 5.0;
				TARGETED_DEVICE_FAMILY = "1,2";
			};
			name = Release;
		};
		1CBC7DE92BD5257000010241 /* Debug */ = {
			isa = XCBuildConfiguration;
			buildSettings = {
				ALWAYS_EMBED_SWIFT_STANDARD_LIBRARIES = YES;
				BUNDLE_LOADER = "$(TEST_HOST)";
				CODE_SIGN_STYLE = Automatic;
				CURRENT_PROJECT_VERSION = 1;
				DEVELOPMENT_TEAM = YMB9NT2NKU;
				GENERATE_INFOPLIST_FILE = YES;
				IPHONEOS_DEPLOYMENT_TARGET = 16.2;
				MARKETING_VERSION = 1.0;
				PRODUCT_BUNDLE_IDENTIFIER = "com.atrees.DriverApp-FanZoneTests";
				PRODUCT_NAME = "$(TARGET_NAME)";
				SWIFT_EMIT_LOC_STRINGS = NO;
				SWIFT_VERSION = 5.0;
				TARGETED_DEVICE_FAMILY = "1,2";
				TEST_HOST = "$(BUILT_PRODUCTS_DIR)/DriverApp-FanZone.app/$(BUNDLE_EXECUTABLE_FOLDER_PATH)/DriverApp-FanZone";
			};
			name = Debug;
		};
		1CBC7DEA2BD5257000010241 /* Release */ = {
			isa = XCBuildConfiguration;
			buildSettings = {
				ALWAYS_EMBED_SWIFT_STANDARD_LIBRARIES = YES;
				BUNDLE_LOADER = "$(TEST_HOST)";
				CODE_SIGN_STYLE = Automatic;
				CURRENT_PROJECT_VERSION = 1;
				DEVELOPMENT_TEAM = YMB9NT2NKU;
				GENERATE_INFOPLIST_FILE = YES;
				IPHONEOS_DEPLOYMENT_TARGET = 16.2;
				MARKETING_VERSION = 1.0;
				PRODUCT_BUNDLE_IDENTIFIER = "com.atrees.DriverApp-FanZoneTests";
				PRODUCT_NAME = "$(TARGET_NAME)";
				SWIFT_EMIT_LOC_STRINGS = NO;
				SWIFT_VERSION = 5.0;
				TARGETED_DEVICE_FAMILY = "1,2";
				TEST_HOST = "$(BUILT_PRODUCTS_DIR)/DriverApp-FanZone.app/$(BUNDLE_EXECUTABLE_FOLDER_PATH)/DriverApp-FanZone";
			};
			name = Release;
		};
		1CBC7DEC2BD5257000010241 /* Debug */ = {
			isa = XCBuildConfiguration;
			buildSettings = {
				ALWAYS_EMBED_SWIFT_STANDARD_LIBRARIES = YES;
				CODE_SIGN_STYLE = Automatic;
				CURRENT_PROJECT_VERSION = 1;
				DEVELOPMENT_TEAM = YMB9NT2NKU;
				GENERATE_INFOPLIST_FILE = YES;
				MARKETING_VERSION = 1.0;
				PRODUCT_BUNDLE_IDENTIFIER = "com.atrees.DriverApp-FanZoneUITests";
				PRODUCT_NAME = "$(TARGET_NAME)";
				SWIFT_EMIT_LOC_STRINGS = NO;
				SWIFT_VERSION = 5.0;
				TARGETED_DEVICE_FAMILY = "1,2";
				TEST_TARGET_NAME = "DriverApp-FanZone";
			};
			name = Debug;
		};
		1CBC7DED2BD5257000010241 /* Release */ = {
			isa = XCBuildConfiguration;
			buildSettings = {
				ALWAYS_EMBED_SWIFT_STANDARD_LIBRARIES = YES;
				CODE_SIGN_STYLE = Automatic;
				CURRENT_PROJECT_VERSION = 1;
				DEVELOPMENT_TEAM = YMB9NT2NKU;
				GENERATE_INFOPLIST_FILE = YES;
				MARKETING_VERSION = 1.0;
				PRODUCT_BUNDLE_IDENTIFIER = "com.atrees.DriverApp-FanZoneUITests";
				PRODUCT_NAME = "$(TARGET_NAME)";
				SWIFT_EMIT_LOC_STRINGS = NO;
				SWIFT_VERSION = 5.0;
				TARGETED_DEVICE_FAMILY = "1,2";
				TEST_TARGET_NAME = "DriverApp-FanZone";
			};
			name = Release;
		};
/* End XCBuildConfiguration section */

/* Begin XCConfigurationList section */
		1CBC7DB62BD5256E00010241 /* Build configuration list for PBXProject "DriverApp-FanZone" */ = {
			isa = XCConfigurationList;
			buildConfigurations = (
				1CBC7DE32BD5257000010241 /* Debug */,
				1CBC7DE42BD5257000010241 /* Release */,
			);
			defaultConfigurationIsVisible = 0;
			defaultConfigurationName = Release;
		};
		1CBC7DE52BD5257000010241 /* Build configuration list for PBXNativeTarget "DriverApp-FanZone" */ = {
			isa = XCConfigurationList;
			buildConfigurations = (
				1CBC7DE62BD5257000010241 /* Debug */,
				1CBC7DE72BD5257000010241 /* Release */,
			);
			defaultConfigurationIsVisible = 0;
			defaultConfigurationName = Release;
		};
		1CBC7DE82BD5257000010241 /* Build configuration list for PBXNativeTarget "DriverApp-FanZoneTests" */ = {
			isa = XCConfigurationList;
			buildConfigurations = (
				1CBC7DE92BD5257000010241 /* Debug */,
				1CBC7DEA2BD5257000010241 /* Release */,
			);
			defaultConfigurationIsVisible = 0;
			defaultConfigurationName = Release;
		};
		1CBC7DEB2BD5257000010241 /* Build configuration list for PBXNativeTarget "DriverApp-FanZoneUITests" */ = {
			isa = XCConfigurationList;
			buildConfigurations = (
				1CBC7DEC2BD5257000010241 /* Debug */,
				1CBC7DED2BD5257000010241 /* Release */,
			);
			defaultConfigurationIsVisible = 0;
			defaultConfigurationName = Release;
		};
/* End XCConfigurationList section */

/* Begin XCRemoteSwiftPackageReference section */
		1CBF69D72BD59B2600FDADEA /* XCRemoteSwiftPackageReference "firebase-ios-sdk" */ = {
			isa = XCRemoteSwiftPackageReference;
			repositoryURL = "https://github.com/firebase/firebase-ios-sdk";
			requirement = {
				kind = upToNextMinorVersion;
				minimumVersion = 9.6.0;
			};
		};
		1CE8C99F2BD6B79200BF3840 /* XCRemoteSwiftPackageReference "RxSwift" */ = {
			isa = XCRemoteSwiftPackageReference;
			repositoryURL = "https://github.com/ReactiveX/RxSwift.git";
			requirement = {
				branch = main;
				kind = branch;
			};
		};
/* End XCRemoteSwiftPackageReference section */

/* Begin XCSwiftPackageProductDependency section */
		1CBF69D82BD59B2600FDADEA /* FirebaseAppCheck */ = {
			isa = XCSwiftPackageProductDependency;
			package = 1CBF69D72BD59B2600FDADEA /* XCRemoteSwiftPackageReference "firebase-ios-sdk" */;
			productName = FirebaseAppCheck;
		};
		1CBF69DA2BD59B2600FDADEA /* FirebaseAuth */ = {
			isa = XCSwiftPackageProductDependency;
			package = 1CBF69D72BD59B2600FDADEA /* XCRemoteSwiftPackageReference "firebase-ios-sdk" */;
			productName = FirebaseAuth;
		};
		1CBF69DC2BD59B2600FDADEA /* FirebaseAuthCombine-Community */ = {
			isa = XCSwiftPackageProductDependency;
			package = 1CBF69D72BD59B2600FDADEA /* XCRemoteSwiftPackageReference "firebase-ios-sdk" */;
			productName = "FirebaseAuthCombine-Community";
		};
		1CBF69DE2BD59B2600FDADEA /* FirebaseDatabase */ = {
			isa = XCSwiftPackageProductDependency;
			package = 1CBF69D72BD59B2600FDADEA /* XCRemoteSwiftPackageReference "firebase-ios-sdk" */;
			productName = FirebaseDatabase;
		};
		1CBF69E02BD59B2600FDADEA /* FirebaseDatabaseSwift */ = {
			isa = XCSwiftPackageProductDependency;
			package = 1CBF69D72BD59B2600FDADEA /* XCRemoteSwiftPackageReference "firebase-ios-sdk" */;
			productName = FirebaseDatabaseSwift;
		};
		1CBF69E22BD59B2600FDADEA /* FirebaseDynamicLinks */ = {
			isa = XCSwiftPackageProductDependency;
			package = 1CBF69D72BD59B2600FDADEA /* XCRemoteSwiftPackageReference "firebase-ios-sdk" */;
			productName = FirebaseDynamicLinks;
		};
		1CBF69E42BD59B2600FDADEA /* FirebaseFirestore */ = {
			isa = XCSwiftPackageProductDependency;
			package = 1CBF69D72BD59B2600FDADEA /* XCRemoteSwiftPackageReference "firebase-ios-sdk" */;
			productName = FirebaseFirestore;
		};
		1CBF69E62BD59B2600FDADEA /* FirebaseFirestoreCombine-Community */ = {
			isa = XCSwiftPackageProductDependency;
			package = 1CBF69D72BD59B2600FDADEA /* XCRemoteSwiftPackageReference "firebase-ios-sdk" */;
			productName = "FirebaseFirestoreCombine-Community";
		};
		1CBF69E82BD59B2600FDADEA /* FirebaseFirestoreSwift */ = {
			isa = XCSwiftPackageProductDependency;
			package = 1CBF69D72BD59B2600FDADEA /* XCRemoteSwiftPackageReference "firebase-ios-sdk" */;
			productName = FirebaseFirestoreSwift;
		};
		1CBF69EA2BD59B2600FDADEA /* FirebaseFunctions */ = {
			isa = XCSwiftPackageProductDependency;
			package = 1CBF69D72BD59B2600FDADEA /* XCRemoteSwiftPackageReference "firebase-ios-sdk" */;
			productName = FirebaseFunctions;
		};
		1CBF69EC2BD59B2600FDADEA /* FirebaseFunctionsCombine-Community */ = {
			isa = XCSwiftPackageProductDependency;
			package = 1CBF69D72BD59B2600FDADEA /* XCRemoteSwiftPackageReference "firebase-ios-sdk" */;
			productName = "FirebaseFunctionsCombine-Community";
		};
		1CBF69EE2BD59B2600FDADEA /* FirebaseInstallations */ = {
			isa = XCSwiftPackageProductDependency;
			package = 1CBF69D72BD59B2600FDADEA /* XCRemoteSwiftPackageReference "firebase-ios-sdk" */;
			productName = FirebaseInstallations;
		};
		1CBF69F02BD59B2600FDADEA /* FirebasePerformance */ = {
			isa = XCSwiftPackageProductDependency;
			package = 1CBF69D72BD59B2600FDADEA /* XCRemoteSwiftPackageReference "firebase-ios-sdk" */;
			productName = FirebasePerformance;
		};
		1CBF69F22BD59B2600FDADEA /* FirebaseStorage */ = {
			isa = XCSwiftPackageProductDependency;
			package = 1CBF69D72BD59B2600FDADEA /* XCRemoteSwiftPackageReference "firebase-ios-sdk" */;
			productName = FirebaseStorage;
		};
		1CBF69F42BD59B2600FDADEA /* FirebaseStorageCombine-Community */ = {
			isa = XCSwiftPackageProductDependency;
			package = 1CBF69D72BD59B2600FDADEA /* XCRemoteSwiftPackageReference "firebase-ios-sdk" */;
			productName = "FirebaseStorageCombine-Community";
		};
		1CE8C9A02BD6B79300BF3840 /* RxCocoa */ = {
			isa = XCSwiftPackageProductDependency;
			package = 1CE8C99F2BD6B79200BF3840 /* XCRemoteSwiftPackageReference "RxSwift" */;
			productName = RxCocoa;
		};
		1CE8C9A22BD6B79300BF3840 /* RxRelay */ = {
			isa = XCSwiftPackageProductDependency;
			package = 1CE8C99F2BD6B79200BF3840 /* XCRemoteSwiftPackageReference "RxSwift" */;
			productName = RxRelay;
		};
		1CE8C9A42BD6B79300BF3840 /* RxSwift */ = {
			isa = XCSwiftPackageProductDependency;
			package = 1CE8C99F2BD6B79200BF3840 /* XCRemoteSwiftPackageReference "RxSwift" */;
			productName = RxSwift;
		};
/* End XCSwiftPackageProductDependency section */
	};
	rootObject = 1CBC7DB32BD5256E00010241 /* Project object */;
}
